
Microsoft Visual Studio Solution File, Format Version 12.00
# Visual Studio Version 17
VisualStudioVersion = 17.12.35506.116
MinimumVisualStudioVersion = 10.0.40219.1
Project("{FAE04EC0-301F-11D3-BF4B-00C04F79EFBC}") = "CarBookingApi", "CarBookingApi\CarBookingApi.csproj", "{F7E3A429-E206-4EDB-A8A1-791D8A72E7BE}"
EndProject
Project("{FAE04EC0-301F-11D3-BF4B-00C04F79EFBC}") = "CarBookingBLL", "CarBookingBLL\CarBookingBLL.csproj", "{A66BEA2C-1C4F-4B60-A655-6A03FAA23943}"
EndProject
Project("{FAE04EC0-301F-11D3-BF4B-00C04F79EFBC}") = "CarBookingDAL", "CarBookingDAL\CarBookingDAL.csproj", "{F17F7664-4537-44E9-8091-99AA7D103F90}"
EndProject
Project("{E53339B2-1760-4266-BCC7-CA923CBCF16C}") = "docker-compose", "docker-compose.dcproj", "{878A4211-5C5C-43B1-95C3-3B313F1ED172}"
EndProject
Project("{FAE04EC0-301F-11D3-BF4B-00C04F79EFBC}") = "AuthApi", "AuthApi\AuthApi.csproj", "{634D6EBA-436C-4449-A552-6754233FFAA3}"
EndProject
Project("{FAE04EC0-301F-11D3-BF4B-00C04F79EFBC}") = "AuthBLL", "AuthBLL\AuthBLL.csproj", "{2CA78A73-8481-41BC-A34A-38067E5FFC93}"
EndProject
Project("{FAE04EC0-301F-11D3-BF4B-00C04F79EFBC}") = "AuthDAL", "AuthDAL\AuthDAL.csproj", "{FE7CC310-62E3-4158-BA43-B070F523C107}"
EndProject
Project("{2150E333-8FDC-42A3-9474-1A3956D46DE8}") = "AuthMicroservice", "AuthMicroservice", "{E9C85553-25DF-42C1-91E4-88D1CC84399C}"
EndProject
Project("{2150E333-8FDC-42A3-9474-1A3956D46DE8}") = "CarBookingMocroservice", "CarBookingMocroservice", "{D5A53AFB-4648-46B5-9212-73BE19C7185D}"
EndProject
Project("{2150E333-8FDC-42A3-9474-1A3956D46DE8}") = "ReviewMicroservice", "ReviewMicroservice", "{8E17470A-3D70-4159-A098-A6239B57E5F6}"
EndProject
Project("{FAE04EC0-301F-11D3-BF4B-00C04F79EFBC}") = "ReviewApi", "ReviewApi\ReviewApi.csproj", "{34F9362D-3AC7-4E35-9F3E-6BB3D1073069}"
EndProject
Project("{FAE04EC0-301F-11D3-BF4B-00C04F79EFBC}") = "ReviewDAL", "ReviewDAL\ReviewDAL.csproj", "{3016CD9B-6BFF-43BB-A25D-15955778F2B9}"
EndProject
Project("{FAE04EC0-301F-11D3-BF4B-00C04F79EFBC}") = "ReviewBLL", "ReviewBLL\ReviewBLL.csproj", "{00A0F26D-4703-4A5A-BFDC-A4CE7D1D3171}"
EndProject
Global
	GlobalSection(SolutionConfigurationPlatforms) = preSolution
		Debug|Any CPU = Debug|Any CPU
		Release|Any CPU = Release|Any CPU
	EndGlobalSection
	GlobalSection(ProjectConfigurationPlatforms) = postSolution
		{F7E3A429-E206-4EDB-A8A1-791D8A72E7BE}.Debug|Any CPU.ActiveCfg = Debug|Any CPU
		{F7E3A429-E206-4EDB-A8A1-791D8A72E7BE}.Debug|Any CPU.Build.0 = Debug|Any CPU
		{F7E3A429-E206-4EDB-A8A1-791D8A72E7BE}.Release|Any CPU.ActiveCfg = Release|Any CPU
		{F7E3A429-E206-4EDB-A8A1-791D8A72E7BE}.Release|Any CPU.Build.0 = Release|Any CPU
		{A66BEA2C-1C4F-4B60-A655-6A03FAA23943}.Debug|Any CPU.ActiveCfg = Debug|Any CPU
		{A66BEA2C-1C4F-4B60-A655-6A03FAA23943}.Debug|Any CPU.Build.0 = Debug|Any CPU
		{A66BEA2C-1C4F-4B60-A655-6A03FAA23943}.Release|Any CPU.ActiveCfg = Release|Any CPU
		{A66BEA2C-1C4F-4B60-A655-6A03FAA23943}.Release|Any CPU.Build.0 = Release|Any CPU
		{F17F7664-4537-44E9-8091-99AA7D103F90}.Debug|Any CPU.ActiveCfg = Debug|Any CPU
		{F17F7664-4537-44E9-8091-99AA7D103F90}.Debug|Any CPU.Build.0 = Debug|Any CPU
		{F17F7664-4537-44E9-8091-99AA7D103F90}.Release|Any CPU.ActiveCfg = Release|Any CPU
		{F17F7664-4537-44E9-8091-99AA7D103F90}.Release|Any CPU.Build.0 = Release|Any CPU
		{878A4211-5C5C-43B1-95C3-3B313F1ED172}.Debug|Any CPU.ActiveCfg = Debug|Any CPU
		{878A4211-5C5C-43B1-95C3-3B313F1ED172}.Debug|Any CPU.Build.0 = Debug|Any CPU
		{878A4211-5C5C-43B1-95C3-3B313F1ED172}.Release|Any CPU.ActiveCfg = Release|Any CPU
		{878A4211-5C5C-43B1-95C3-3B313F1ED172}.Release|Any CPU.Build.0 = Release|Any CPU
		{634D6EBA-436C-4449-A552-6754233FFAA3}.Debug|Any CPU.ActiveCfg = Debug|Any CPU
		{634D6EBA-436C-4449-A552-6754233FFAA3}.Debug|Any CPU.Build.0 = Debug|Any CPU
		{634D6EBA-436C-4449-A552-6754233FFAA3}.Release|Any CPU.ActiveCfg = Release|Any CPU
		{634D6EBA-436C-4449-A552-6754233FFAA3}.Release|Any CPU.Build.0 = Release|Any CPU
		{2CA78A73-8481-41BC-A34A-38067E5FFC93}.Debug|Any CPU.ActiveCfg = Debug|Any CPU
		{2CA78A73-8481-41BC-A34A-38067E5FFC93}.Debug|Any CPU.Build.0 = Debug|Any CPU
		{2CA78A73-8481-41BC-A34A-38067E5FFC93}.Release|Any CPU.ActiveCfg = Release|Any CPU
		{2CA78A73-8481-41BC-A34A-38067E5FFC93}.Release|Any CPU.Build.0 = Release|Any CPU
		{FE7CC310-62E3-4158-BA43-B070F523C107}.Debug|Any CPU.ActiveCfg = Debug|Any CPU
		{FE7CC310-62E3-4158-BA43-B070F523C107}.Debug|Any CPU.Build.0 = Debug|Any CPU
		{FE7CC310-62E3-4158-BA43-B070F523C107}.Release|Any CPU.ActiveCfg = Release|Any CPU
		{FE7CC310-62E3-4158-BA43-B070F523C107}.Release|Any CPU.Build.0 = Release|Any CPU
		{34F9362D-3AC7-4E35-9F3E-6BB3D1073069}.Debug|Any CPU.ActiveCfg = Debug|Any CPU
		{34F9362D-3AC7-4E35-9F3E-6BB3D1073069}.Debug|Any CPU.Build.0 = Debug|Any CPU
		{34F9362D-3AC7-4E35-9F3E-6BB3D1073069}.Release|Any CPU.ActiveCfg = Release|Any CPU
		{34F9362D-3AC7-4E35-9F3E-6BB3D1073069}.Release|Any CPU.Build.0 = Release|Any CPU
		{3016CD9B-6BFF-43BB-A25D-15955778F2B9}.Debug|Any CPU.ActiveCfg = Debug|Any CPU
		{3016CD9B-6BFF-43BB-A25D-15955778F2B9}.Debug|Any CPU.Build.0 = Debug|Any CPU
		{3016CD9B-6BFF-43BB-A25D-15955778F2B9}.Release|Any CPU.ActiveCfg = Release|Any CPU
		{3016CD9B-6BFF-43BB-A25D-15955778F2B9}.Release|Any CPU.Build.0 = Release|Any CPU
		{00A0F26D-4703-4A5A-BFDC-A4CE7D1D3171}.Debug|Any CPU.ActiveCfg = Debug|Any CPU
		{00A0F26D-4703-4A5A-BFDC-A4CE7D1D3171}.Debug|Any CPU.Build.0 = Debug|Any CPU
		{00A0F26D-4703-4A5A-BFDC-A4CE7D1D3171}.Release|Any CPU.ActiveCfg = Release|Any CPU
		{00A0F26D-4703-4A5A-BFDC-A4CE7D1D3171}.Release|Any CPU.Build.0 = Release|Any CPU
	EndGlobalSection
	GlobalSection(SolutionProperties) = preSolution
		HideSolutionNode = FALSE
	EndGlobalSection
	GlobalSection(NestedProjects) = preSolution
		{F7E3A429-E206-4EDB-A8A1-791D8A72E7BE} = {D5A53AFB-4648-46B5-9212-73BE19C7185D}
		{A66BEA2C-1C4F-4B60-A655-6A03FAA23943} = {D5A53AFB-4648-46B5-9212-73BE19C7185D}
		{F17F7664-4537-44E9-8091-99AA7D103F90} = {D5A53AFB-4648-46B5-9212-73BE19C7185D}
		{634D6EBA-436C-4449-A552-6754233FFAA3} = {E9C85553-25DF-42C1-91E4-88D1CC84399C}
		{2CA78A73-8481-41BC-A34A-38067E5FFC93} = {E9C85553-25DF-42C1-91E4-88D1CC84399C}
		{FE7CC310-62E3-4158-BA43-B070F523C107} = {E9C85553-25DF-42C1-91E4-88D1CC84399C}
		{34F9362D-3AC7-4E35-9F3E-6BB3D1073069} = {8E17470A-3D70-4159-A098-A6239B57E5F6}
		{3016CD9B-6BFF-43BB-A25D-15955778F2B9} = {8E17470A-3D70-4159-A098-A6239B57E5F6}
		{00A0F26D-4703-4A5A-BFDC-A4CE7D1D3171} = {8E17470A-3D70-4159-A098-A6239B57E5F6}
	EndGlobalSection
EndGlobal
