
Microsoft Visual Studio Solution File, Format Version 12.00
# Visual Studio Version 17
VisualStudioVersion = 17.12.35506.116
MinimumVisualStudioVersion = 10.0.40219.1
Project("{E53339B2-1760-4266-BCC7-CA923CBCF16C}") = "docker-compose", "docker-compose.dcproj", "{878A4211-5C5C-43B1-95C3-3B313F1ED172}"
EndProject
Project("{FAE04EC0-301F-11D3-BF4B-00C04F79EFBC}") = "AuthApi", "AuthApi\AuthApi.csproj", "{634D6EBA-436C-4449-A552-6754233FFAA3}"
EndProject
Project("{FAE04EC0-301F-11D3-BF4B-00C04F79EFBC}") = "AuthBLL", "AuthBLL\AuthBLL.csproj", "{2CA78A73-8481-41BC-A34A-38067E5FFC93}"
EndProject
Project("{FAE04EC0-301F-11D3-BF4B-00C04F79EFBC}") = "AuthDAL", "AuthDAL\AuthDAL.csproj", "{FE7CC310-62E3-4158-BA43-B070F523C107}"
EndProject
Project("{2150E333-8FDC-42A3-9474-1A3956D46DE8}") = "AuthMicroservice", "AuthMicroservice", "{E9C85553-25DF-42C1-91E4-88D1CC84399C}"
EndProject
Project("{2150E333-8FDC-42A3-9474-1A3956D46DE8}") = "CarCatalogMicroservice", "CarCatalogMicroservice", "{D5A53AFB-4648-46B5-9212-73BE19C7185D}"
EndProject
Project("{2150E333-8FDC-42A3-9474-1A3956D46DE8}") = "ReviewMicroservice", "ReviewMicroservice", "{8E17470A-3D70-4159-A098-A6239B57E5F6}"
EndProject
Project("{FAE04EC0-301F-11D3-BF4B-00C04F79EFBC}") = "ReviewApi", "ReviewApi\ReviewApi.csproj", "{34F9362D-3AC7-4E35-9F3E-6BB3D1073069}"
EndProject
Project("{FAE04EC0-301F-11D3-BF4B-00C04F79EFBC}") = "ReviewDAL", "ReviewDAL\ReviewDAL.csproj", "{3016CD9B-6BFF-43BB-A25D-15955778F2B9}"
EndProject
Project("{FAE04EC0-301F-11D3-BF4B-00C04F79EFBC}") = "ReviewBLL", "ReviewBLL\ReviewBLL.csproj", "{00A0F26D-4703-4A5A-BFDC-A4CE7D1D3171}"
EndProject
Project("{2150E333-8FDC-42A3-9474-1A3956D46DE8}") = "EfficiencyMicroservice", "EfficiencyMicroservice", "{0E24D634-5E70-456A-847E-B1EB19485C64}"
EndProject
Project("{FAE04EC0-301F-11D3-BF4B-00C04F79EFBC}") = "EfficiencyApi", "EfficiencyApi\EfficiencyApi.csproj", "{FC4E9FA0-0A87-4EB1-97C5-17943D1F0A2F}"
EndProject
Project("{FAE04EC0-301F-11D3-BF4B-00C04F79EFBC}") = "EfficiencyBLL", "EfficiencyBLL\EfficiencyBLL.csproj", "{A45A620A-29F6-4A96-ADAA-6AC076A6B9FC}"
EndProject
Project("{FAE04EC0-301F-11D3-BF4B-00C04F79EFBC}") = "CarCatalogApi", "CarCatalogApi\CarCatalogApi.csproj", "{2438FB27-0BED-4B6D-9444-C0B217FF0395}"
EndProject
Project("{FAE04EC0-301F-11D3-BF4B-00C04F79EFBC}") = "CarCatalogBLL", "CarCatalogBLL\CarCatalogBLL.csproj", "{9C3222A6-B06E-4DA5-8F84-7B93BD78DA2D}"
EndProject
Project("{FAE04EC0-301F-11D3-BF4B-00C04F79EFBC}") = "CarCatalogDAL", "CarCatalogDAL\CarCatalogDAL.csproj", "{0900AA7C-6C7E-4C9A-A973-3499F4A0967C}"
EndProject
Project("{2150E333-8FDC-42A3-9474-1A3956D46DE8}") = "OrderMicroservice", "OrderMicroservice", "{B7BF413B-8731-443C-BCBE-70A927F85E76}"
EndProject
Project("{FAE04EC0-301F-11D3-BF4B-00C04F79EFBC}") = "OrderApi", "OrderApi\OrderApi\OrderApi.csproj", "{F1A0C8F3-D149-49C5-8609-B1533FA0EDD0}"
EndProject
Project("{FAE04EC0-301F-11D3-BF4B-00C04F79EFBC}") = "OrderBLL", "OrderBLL\OrderBLL.csproj", "{5CCC0105-67E1-4CA4-821A-309CF97844E5}"
EndProject
Project("{FAE04EC0-301F-11D3-BF4B-00C04F79EFBC}") = "OrderDAL", "OrderDAL\OrderDAL.csproj", "{E0578789-8BF9-48CB-B64E-213761829EFE}"
EndProject
Project("{2150E333-8FDC-42A3-9474-1A3956D46DE8}") = "RabbitMq", "RabbitMq", "{7528A4BF-4E6A-41A9-BDE0-F5BFF0DDB752}"
EndProject
Project("{FAE04EC0-301F-11D3-BF4B-00C04F79EFBC}") = "RabbitMqLibrary", "RabbitMqLibrary\RabbitMqLibrary.csproj", "{88C47FB8-7C31-4EBB-A2E0-71B355D31AF2}"
EndProject
Project("{FAE04EC0-301F-11D3-BF4B-00C04F79EFBC}") = "CarBookingUI", "CarBookingUI\CarBookingUI.csproj", "{D4228D5E-E327-4CC6-A669-BC5792220BAF}"
EndProject
Project("{2150E333-8FDC-42A3-9474-1A3956D46DE8}") = "CarBookingApp", "CarBookingApp", "{807A96C5-B902-4622-BFA7-044858709324}"
EndProject
Project("{2150E333-8FDC-42A3-9474-1A3956D46DE8}") = "Microservices", "Microservices", "{020ED57C-B872-4812-AFF9-5B8A306435CD}"
EndProject
Project("{2150E333-8FDC-42A3-9474-1A3956D46DE8}") = "TimedEventsMicroservice", "TimedEventsMicroservice", "{2406BD22-A108-4002-AC56-E693F3A62963}"
EndProject
Project("{FAE04EC0-301F-11D3-BF4B-00C04F79EFBC}") = "TimedEventsApi", "TimedEventsApi\TimedEventsApi.csproj", "{C2AF3468-7550-457C-BBFD-2BBC4F56C84F}"
EndProject
Global
	GlobalSection(SolutionConfigurationPlatforms) = preSolution
		Debug|Any CPU = Debug|Any CPU
		Release|Any CPU = Release|Any CPU
	EndGlobalSection
	GlobalSection(ProjectConfigurationPlatforms) = postSolution
		{878A4211-5C5C-43B1-95C3-3B313F1ED172}.Debug|Any CPU.ActiveCfg = Debug|Any CPU
		{878A4211-5C5C-43B1-95C3-3B313F1ED172}.Debug|Any CPU.Build.0 = Debug|Any CPU
		{878A4211-5C5C-43B1-95C3-3B313F1ED172}.Release|Any CPU.ActiveCfg = Release|Any CPU
		{878A4211-5C5C-43B1-95C3-3B313F1ED172}.Release|Any CPU.Build.0 = Release|Any CPU
		{634D6EBA-436C-4449-A552-6754233FFAA3}.Debug|Any CPU.ActiveCfg = Debug|Any CPU
		{634D6EBA-436C-4449-A552-6754233FFAA3}.Debug|Any CPU.Build.0 = Debug|Any CPU
		{634D6EBA-436C-4449-A552-6754233FFAA3}.Release|Any CPU.ActiveCfg = Release|Any CPU
		{634D6EBA-436C-4449-A552-6754233FFAA3}.Release|Any CPU.Build.0 = Release|Any CPU
		{2CA78A73-8481-41BC-A34A-38067E5FFC93}.Debug|Any CPU.ActiveCfg = Debug|Any CPU
		{2CA78A73-8481-41BC-A34A-38067E5FFC93}.Debug|Any CPU.Build.0 = Debug|Any CPU
		{2CA78A73-8481-41BC-A34A-38067E5FFC93}.Release|Any CPU.ActiveCfg = Release|Any CPU
		{2CA78A73-8481-41BC-A34A-38067E5FFC93}.Release|Any CPU.Build.0 = Release|Any CPU
		{FE7CC310-62E3-4158-BA43-B070F523C107}.Debug|Any CPU.ActiveCfg = Debug|Any CPU
		{FE7CC310-62E3-4158-BA43-B070F523C107}.Debug|Any CPU.Build.0 = Debug|Any CPU
		{FE7CC310-62E3-4158-BA43-B070F523C107}.Release|Any CPU.ActiveCfg = Release|Any CPU
		{FE7CC310-62E3-4158-BA43-B070F523C107}.Release|Any CPU.Build.0 = Release|Any CPU
		{34F9362D-3AC7-4E35-9F3E-6BB3D1073069}.Debug|Any CPU.ActiveCfg = Debug|Any CPU
		{34F9362D-3AC7-4E35-9F3E-6BB3D1073069}.Debug|Any CPU.Build.0 = Debug|Any CPU
		{34F9362D-3AC7-4E35-9F3E-6BB3D1073069}.Release|Any CPU.ActiveCfg = Release|Any CPU
		{34F9362D-3AC7-4E35-9F3E-6BB3D1073069}.Release|Any CPU.Build.0 = Release|Any CPU
		{3016CD9B-6BFF-43BB-A25D-15955778F2B9}.Debug|Any CPU.ActiveCfg = Debug|Any CPU
		{3016CD9B-6BFF-43BB-A25D-15955778F2B9}.Debug|Any CPU.Build.0 = Debug|Any CPU
		{3016CD9B-6BFF-43BB-A25D-15955778F2B9}.Release|Any CPU.ActiveCfg = Release|Any CPU
		{3016CD9B-6BFF-43BB-A25D-15955778F2B9}.Release|Any CPU.Build.0 = Release|Any CPU
		{00A0F26D-4703-4A5A-BFDC-A4CE7D1D3171}.Debug|Any CPU.ActiveCfg = Debug|Any CPU
		{00A0F26D-4703-4A5A-BFDC-A4CE7D1D3171}.Debug|Any CPU.Build.0 = Debug|Any CPU
		{00A0F26D-4703-4A5A-BFDC-A4CE7D1D3171}.Release|Any CPU.ActiveCfg = Release|Any CPU
		{00A0F26D-4703-4A5A-BFDC-A4CE7D1D3171}.Release|Any CPU.Build.0 = Release|Any CPU
		{FC4E9FA0-0A87-4EB1-97C5-17943D1F0A2F}.Debug|Any CPU.ActiveCfg = Debug|Any CPU
		{FC4E9FA0-0A87-4EB1-97C5-17943D1F0A2F}.Debug|Any CPU.Build.0 = Debug|Any CPU
		{FC4E9FA0-0A87-4EB1-97C5-17943D1F0A2F}.Release|Any CPU.ActiveCfg = Release|Any CPU
		{FC4E9FA0-0A87-4EB1-97C5-17943D1F0A2F}.Release|Any CPU.Build.0 = Release|Any CPU
		{A45A620A-29F6-4A96-ADAA-6AC076A6B9FC}.Debug|Any CPU.ActiveCfg = Debug|Any CPU
		{A45A620A-29F6-4A96-ADAA-6AC076A6B9FC}.Debug|Any CPU.Build.0 = Debug|Any CPU
		{A45A620A-29F6-4A96-ADAA-6AC076A6B9FC}.Release|Any CPU.ActiveCfg = Release|Any CPU
		{A45A620A-29F6-4A96-ADAA-6AC076A6B9FC}.Release|Any CPU.Build.0 = Release|Any CPU
		{2438FB27-0BED-4B6D-9444-C0B217FF0395}.Debug|Any CPU.ActiveCfg = Debug|Any CPU
		{2438FB27-0BED-4B6D-9444-C0B217FF0395}.Debug|Any CPU.Build.0 = Debug|Any CPU
		{2438FB27-0BED-4B6D-9444-C0B217FF0395}.Release|Any CPU.ActiveCfg = Release|Any CPU
		{2438FB27-0BED-4B6D-9444-C0B217FF0395}.Release|Any CPU.Build.0 = Release|Any CPU
		{9C3222A6-B06E-4DA5-8F84-7B93BD78DA2D}.Debug|Any CPU.ActiveCfg = Debug|Any CPU
		{9C3222A6-B06E-4DA5-8F84-7B93BD78DA2D}.Debug|Any CPU.Build.0 = Debug|Any CPU
		{9C3222A6-B06E-4DA5-8F84-7B93BD78DA2D}.Release|Any CPU.ActiveCfg = Release|Any CPU
		{9C3222A6-B06E-4DA5-8F84-7B93BD78DA2D}.Release|Any CPU.Build.0 = Release|Any CPU
		{0900AA7C-6C7E-4C9A-A973-3499F4A0967C}.Debug|Any CPU.ActiveCfg = Debug|Any CPU
		{0900AA7C-6C7E-4C9A-A973-3499F4A0967C}.Debug|Any CPU.Build.0 = Debug|Any CPU
		{0900AA7C-6C7E-4C9A-A973-3499F4A0967C}.Release|Any CPU.ActiveCfg = Release|Any CPU
		{0900AA7C-6C7E-4C9A-A973-3499F4A0967C}.Release|Any CPU.Build.0 = Release|Any CPU
		{F1A0C8F3-D149-49C5-8609-B1533FA0EDD0}.Debug|Any CPU.ActiveCfg = Debug|Any CPU
		{F1A0C8F3-D149-49C5-8609-B1533FA0EDD0}.Debug|Any CPU.Build.0 = Debug|Any CPU
		{F1A0C8F3-D149-49C5-8609-B1533FA0EDD0}.Release|Any CPU.ActiveCfg = Release|Any CPU
		{F1A0C8F3-D149-49C5-8609-B1533FA0EDD0}.Release|Any CPU.Build.0 = Release|Any CPU
		{5CCC0105-67E1-4CA4-821A-309CF97844E5}.Debug|Any CPU.ActiveCfg = Debug|Any CPU
		{5CCC0105-67E1-4CA4-821A-309CF97844E5}.Debug|Any CPU.Build.0 = Debug|Any CPU
		{5CCC0105-67E1-4CA4-821A-309CF97844E5}.Release|Any CPU.ActiveCfg = Release|Any CPU
		{5CCC0105-67E1-4CA4-821A-309CF97844E5}.Release|Any CPU.Build.0 = Release|Any CPU
		{E0578789-8BF9-48CB-B64E-213761829EFE}.Debug|Any CPU.ActiveCfg = Debug|Any CPU
		{E0578789-8BF9-48CB-B64E-213761829EFE}.Debug|Any CPU.Build.0 = Debug|Any CPU
		{E0578789-8BF9-48CB-B64E-213761829EFE}.Release|Any CPU.ActiveCfg = Release|Any CPU
		{E0578789-8BF9-48CB-B64E-213761829EFE}.Release|Any CPU.Build.0 = Release|Any CPU
		{88C47FB8-7C31-4EBB-A2E0-71B355D31AF2}.Debug|Any CPU.ActiveCfg = Debug|Any CPU
		{88C47FB8-7C31-4EBB-A2E0-71B355D31AF2}.Debug|Any CPU.Build.0 = Debug|Any CPU
		{88C47FB8-7C31-4EBB-A2E0-71B355D31AF2}.Release|Any CPU.ActiveCfg = Release|Any CPU
		{88C47FB8-7C31-4EBB-A2E0-71B355D31AF2}.Release|Any CPU.Build.0 = Release|Any CPU
		{D4228D5E-E327-4CC6-A669-BC5792220BAF}.Debug|Any CPU.ActiveCfg = Debug|Any CPU
		{D4228D5E-E327-4CC6-A669-BC5792220BAF}.Debug|Any CPU.Build.0 = Debug|Any CPU
		{D4228D5E-E327-4CC6-A669-BC5792220BAF}.Debug|Any CPU.Deploy.0 = Debug|Any CPU
		{D4228D5E-E327-4CC6-A669-BC5792220BAF}.Release|Any CPU.ActiveCfg = Release|Any CPU
		{D4228D5E-E327-4CC6-A669-BC5792220BAF}.Release|Any CPU.Build.0 = Release|Any CPU
		{D4228D5E-E327-4CC6-A669-BC5792220BAF}.Release|Any CPU.Deploy.0 = Release|Any CPU
		{C2AF3468-7550-457C-BBFD-2BBC4F56C84F}.Debug|Any CPU.ActiveCfg = Debug|Any CPU
		{C2AF3468-7550-457C-BBFD-2BBC4F56C84F}.Debug|Any CPU.Build.0 = Debug|Any CPU
		{C2AF3468-7550-457C-BBFD-2BBC4F56C84F}.Release|Any CPU.ActiveCfg = Release|Any CPU
		{C2AF3468-7550-457C-BBFD-2BBC4F56C84F}.Release|Any CPU.Build.0 = Release|Any CPU
	EndGlobalSection
	GlobalSection(SolutionProperties) = preSolution
		HideSolutionNode = FALSE
	EndGlobalSection
	GlobalSection(NestedProjects) = preSolution
		{634D6EBA-436C-4449-A552-6754233FFAA3} = {E9C85553-25DF-42C1-91E4-88D1CC84399C}
		{2CA78A73-8481-41BC-A34A-38067E5FFC93} = {E9C85553-25DF-42C1-91E4-88D1CC84399C}
		{FE7CC310-62E3-4158-BA43-B070F523C107} = {E9C85553-25DF-42C1-91E4-88D1CC84399C}
		{E9C85553-25DF-42C1-91E4-88D1CC84399C} = {020ED57C-B872-4812-AFF9-5B8A306435CD}
		{D5A53AFB-4648-46B5-9212-73BE19C7185D} = {020ED57C-B872-4812-AFF9-5B8A306435CD}
		{8E17470A-3D70-4159-A098-A6239B57E5F6} = {020ED57C-B872-4812-AFF9-5B8A306435CD}
		{34F9362D-3AC7-4E35-9F3E-6BB3D1073069} = {8E17470A-3D70-4159-A098-A6239B57E5F6}
		{3016CD9B-6BFF-43BB-A25D-15955778F2B9} = {8E17470A-3D70-4159-A098-A6239B57E5F6}
		{00A0F26D-4703-4A5A-BFDC-A4CE7D1D3171} = {8E17470A-3D70-4159-A098-A6239B57E5F6}
		{0E24D634-5E70-456A-847E-B1EB19485C64} = {020ED57C-B872-4812-AFF9-5B8A306435CD}
		{FC4E9FA0-0A87-4EB1-97C5-17943D1F0A2F} = {0E24D634-5E70-456A-847E-B1EB19485C64}
		{A45A620A-29F6-4A96-ADAA-6AC076A6B9FC} = {0E24D634-5E70-456A-847E-B1EB19485C64}
		{2438FB27-0BED-4B6D-9444-C0B217FF0395} = {D5A53AFB-4648-46B5-9212-73BE19C7185D}
		{9C3222A6-B06E-4DA5-8F84-7B93BD78DA2D} = {D5A53AFB-4648-46B5-9212-73BE19C7185D}
		{0900AA7C-6C7E-4C9A-A973-3499F4A0967C} = {D5A53AFB-4648-46B5-9212-73BE19C7185D}
		{B7BF413B-8731-443C-BCBE-70A927F85E76} = {020ED57C-B872-4812-AFF9-5B8A306435CD}
		{F1A0C8F3-D149-49C5-8609-B1533FA0EDD0} = {B7BF413B-8731-443C-BCBE-70A927F85E76}
		{5CCC0105-67E1-4CA4-821A-309CF97844E5} = {B7BF413B-8731-443C-BCBE-70A927F85E76}
		{E0578789-8BF9-48CB-B64E-213761829EFE} = {B7BF413B-8731-443C-BCBE-70A927F85E76}
		{7528A4BF-4E6A-41A9-BDE0-F5BFF0DDB752} = {020ED57C-B872-4812-AFF9-5B8A306435CD}
		{88C47FB8-7C31-4EBB-A2E0-71B355D31AF2} = {7528A4BF-4E6A-41A9-BDE0-F5BFF0DDB752}
		{D4228D5E-E327-4CC6-A669-BC5792220BAF} = {807A96C5-B902-4622-BFA7-044858709324}
		{2406BD22-A108-4002-AC56-E693F3A62963} = {020ED57C-B872-4812-AFF9-5B8A306435CD}
		{C2AF3468-7550-457C-BBFD-2BBC4F56C84F} = {2406BD22-A108-4002-AC56-E693F3A62963}
	EndGlobalSection
EndGlobal
